
Microsoft Visual Studio Solution File, Format Version 12.00
# Visual Studio 15
VisualStudioVersion = 15.0.28307.572
MinimumVisualStudioVersion = 10.0.40219.1
Project("{9092AA53-FB77-4645-B42D-1CCCA6BD08BD}") = "StaffTree", "StaffTree\StaffTree.njsproj", "{8DD4CC28-E0E4-4095-8B75-184BF43D9818}"
EndProject
Global
	GlobalSection(SolutionConfigurationPlatforms) = preSolution
		Debug|Any CPU = Debug|Any CPU
		Release|Any CPU = Release|Any CPU
	EndGlobalSection
	GlobalSection(ProjectConfigurationPlatforms) = postSolution
		{8DD4CC28-E0E4-4095-8B75-184BF43D9818}.Debug|Any CPU.ActiveCfg = Debug|Any CPU
		{8DD4CC28-E0E4-4095-8B75-184BF43D9818}.Debug|Any CPU.Build.0 = Debug|Any CPU
		{8DD4CC28-E0E4-4095-8B75-184BF43D9818}.Release|Any CPU.ActiveCfg = Release|Any CPU
		{8DD4CC28-E0E4-4095-8B75-184BF43D9818}.Release|Any CPU.Build.0 = Release|Any CPU
	EndGlobalSection
	GlobalSection(SolutionProperties) = preSolution
		HideSolutionNode = FALSE
	EndGlobalSection
	GlobalSection(ExtensibilityGlobals) = postSolution
		SolutionGuid = {7EA030B2-99B9-462D-B0FD-FC4FFC4927F3}
	EndGlobalSection
EndGlobal
